
Microsoft Visual Studio Solution File, Format Version 12.00
# Visual Studio Version 17
VisualStudioVersion = 17.10.35122.118
MinimumVisualStudioVersion = 10.0.40219.1
Project("{9A19103F-16F7-4668-BE54-9A1E7A4F7556}") = "KSB_Client_TCP", "KSB_Client_TCP\KSB_Client_TCP.csproj", "{34AC3A7B-550F-407C-922B-6021A00489D3}"
EndProject
Project("{9A19103F-16F7-4668-BE54-9A1E7A4F7556}") = "Encryption", "..\Library\Encryption\Encryption.csproj", "{A4B483E9-C800-4291-9947-B5781FF6952C}"
EndProject
Project("{9A19103F-16F7-4668-BE54-9A1E7A4F7556}") = "Integrity", "..\Library\Integrity\Integrity.csproj", "{107D3C3B-C1BD-4418-B109-61C9C214FDBD}"
EndProject
Project("{9A19103F-16F7-4668-BE54-9A1E7A4F7556}") = "Protocols", "..\Library\Protocol\Protocols.csproj", "{DAFA043E-7253-434F-8964-26296D19452D}"
EndProject
Global
	GlobalSection(SolutionConfigurationPlatforms) = preSolution
		Debug|Any CPU = Debug|Any CPU
		Release|Any CPU = Release|Any CPU
	EndGlobalSection
	GlobalSection(ProjectConfigurationPlatforms) = postSolution
		{34AC3A7B-550F-407C-922B-6021A00489D3}.Debug|Any CPU.ActiveCfg = Debug|Any CPU
		{34AC3A7B-550F-407C-922B-6021A00489D3}.Debug|Any CPU.Build.0 = Debug|Any CPU
		{34AC3A7B-550F-407C-922B-6021A00489D3}.Release|Any CPU.ActiveCfg = Release|Any CPU
		{34AC3A7B-550F-407C-922B-6021A00489D3}.Release|Any CPU.Build.0 = Release|Any CPU
		{A4B483E9-C800-4291-9947-B5781FF6952C}.Debug|Any CPU.ActiveCfg = Debug|Any CPU
		{A4B483E9-C800-4291-9947-B5781FF6952C}.Debug|Any CPU.Build.0 = Debug|Any CPU
		{A4B483E9-C800-4291-9947-B5781FF6952C}.Release|Any CPU.ActiveCfg = Release|Any CPU
		{A4B483E9-C800-4291-9947-B5781FF6952C}.Release|Any CPU.Build.0 = Release|Any CPU
		{107D3C3B-C1BD-4418-B109-61C9C214FDBD}.Debug|Any CPU.ActiveCfg = Debug|Any CPU
		{107D3C3B-C1BD-4418-B109-61C9C214FDBD}.Debug|Any CPU.Build.0 = Debug|Any CPU
		{107D3C3B-C1BD-4418-B109-61C9C214FDBD}.Release|Any CPU.ActiveCfg = Release|Any CPU
		{107D3C3B-C1BD-4418-B109-61C9C214FDBD}.Release|Any CPU.Build.0 = Release|Any CPU
		{DAFA043E-7253-434F-8964-26296D19452D}.Debug|Any CPU.ActiveCfg = Debug|Any CPU
		{DAFA043E-7253-434F-8964-26296D19452D}.Debug|Any CPU.Build.0 = Debug|Any CPU
		{DAFA043E-7253-434F-8964-26296D19452D}.Release|Any CPU.ActiveCfg = Release|Any CPU
		{DAFA043E-7253-434F-8964-26296D19452D}.Release|Any CPU.Build.0 = Release|Any CPU
	EndGlobalSection
	GlobalSection(SolutionProperties) = preSolution
		HideSolutionNode = FALSE
	EndGlobalSection
	GlobalSection(ExtensibilityGlobals) = postSolution
		SolutionGuid = {17ABD31C-CCFA-4D3A-8E25-9DDECF4FFD58}
	EndGlobalSection
EndGlobal
